Microsoft Visual Studio Solution File, Format Version 12.00
# Visual Studio Version 17
VisualStudioVersion = 17.5.2.0
MinimumVisualStudioVersion = 10.0.40219.1
Project("{FAE04EC0-301F-11D3-BF4B-00C04F79EFBC}") = "SpectreConsoleApp", "SpectreConsoleApp.csproj", "{0565761C-7DB1-20A2-8C7A-6DFE6C4C32FF}"
EndProject
Global
	GlobalSection(SolutionConfigurationPlatforms) = preSolution
		Debug|Any CPU = Debug|Any CPU
		Release|Any CPU = Release|Any CPU
	EndGlobalSection
	GlobalSection(ProjectConfigurationPlatforms) = postSolution
		{0565761C-7DB1-20A2-8C7A-6DFE6C4C32FF}.Debug|Any CPU.ActiveCfg = Debug|Any CPU
		{0565761C-7DB1-20A2-8C7A-6DFE6C4C32FF}.Debug|Any CPU.Build.0 = Debug|Any CPU
		{0565761C-7DB1-20A2-8C7A-6DFE6C4C32FF}.Release|Any CPU.ActiveCfg = Release|Any CPU
		{0565761C-7DB1-20A2-8C7A-6DFE6C4C32FF}.Release|Any CPU.Build.0 = Release|Any CPU
	EndGlobalSection
	GlobalSection(SolutionProperties) = preSolution
		HideSolutionNode = FALSE
	EndGlobalSection
	GlobalSection(ExtensibilityGlobals) = postSolution
		SolutionGuid = {12D4A11E-73E0-4293-A935-039735F10D5F}
	EndGlobalSection
EndGlobal
